{
  "object": {
    "pins": [
      {
        "package": "GenesysCloudMessenger",
        "repositoryURL": "https://github.com/MyPureCloud/mm-genesyscloudmessenger-spm-dev.git",
        "state": {
          "branch": null,
          "revision": "acd98c7e789ee5c99c8a9ec01dd77721a33fc1c9",
          "version": "1.20.0"
        }
      },
      {
        "package": "GenesysCloudMessengerTransport",
        "repositoryURL": "https://github.com/MyPureCloud/mm-genesyscloudmessengertransport-spm.git",
        "state": {
          "branch": null,
          "revision": "39c4dff8506b18b5bc112f31fec3707ba50e27e4",
          "version": "2.10.1"
        }
      },
      {
        "package": "GenesysCloudCore",
        "repositoryURL": "https://github.com/MyPureCloud/mobile-messenger-genesyscloudcore-spm-dev.git",
        "state": {
          "branch": null,
          "revision": "493f14b9f6f60d64d48bcb3f20f1c4924e525266",
          "version": "1.20.0"
        }
      }
    ]
  },
  "version": 1
}
