{
  "object": {
    "pins": [
      {
        "package": "GenesysCloudMessenger",
        "repositoryURL": "https://github.com/MyPureCloud/mm-genesyscloudmessenger-spm-dev.git",
        "state": {
          "branch": null,
          "revision": "c2a5e2ec8a067711379a407bbac0d28af1668eca",
          "version": "1.21.0"
        }
      },
      {
        "package": "GenesysCloudMessengerTransport",
        "repositoryURL": "https://github.com/MyPureCloud/mm-genesyscloudmessengertransport-spm-dev.git",
        "state": {
          "branch": null,
          "revision": "263e16a1da7a506f98fa8e909b3b91252a61056b",
          "version": "2.11.0-rc6"
        }
      },
      {
        "package": "GenesysCloudCore",
        "repositoryURL": "https://github.com/MyPureCloud/mobile-messenger-genesyscloudcore-spm-dev.git",
        "state": {
          "branch": null,
          "revision": "62ec3961ce8e94ac21645cf6939d5aed2d970a4c",
          "version": "1.21.0"
        }
      }
    ]
  },
  "version": 1
}
