{
  "object": {
    "pins": [
      {
        "package": "GenesysCloudMessenger",
        "repositoryURL": "https://github.com/MyPureCloud/mm-genesyscloudmessenger-spm-dev.git",
        "state": {
          "branch": null,
          "revision": "8b780af090d8daa798e2c2d4d59c8a6efcf4f382",
          "version": "1.16.1"
        }
      },
      {
        "package": "GenesysCloudMessengerTransport",
        "repositoryURL": "https://github.com/MyPureCloud/mm-genesyscloudmessengertransport-spm-dev.git",
        "state": {
          "branch": null,
          "revision": "7ffe341b92a4d8b767aaf0a1ff78396722711329",
          "version": "2.9.2-rc2"
        }
      },
      {
        "package": "GenesysCloudCore",
        "repositoryURL": "https://github.com/MyPureCloud/mobile-messenger-genesyscloudcore-spm-dev.git",
        "state": {
          "branch": null,
          "revision": "e45e425ae1eb901a1efd843ebdcff71fff6b1f37",
          "version": "1.16.1"
        }
      }
    ]
  },
  "version": 1
}
